
Microsoft Visual Studio Solution File, Format Version 12.00
# Visual Studio Version 17
VisualStudioVersion = 17.14.36811.4
MinimumVisualStudioVersion = 10.0.40219.1
Project("{FAE04EC0-301F-11D3-BF4B-00C04F79EFBC}") = "PatientsAPI", "PatientsAPI\PatientsAPI.csproj", "{4A1B2C42-4A3E-4F4E-A233-11EEB6B3A696}"
EndProject
Project("{FAE04EC0-301F-11D3-BF4B-00C04F79EFBC}") = "GatewayAPI", "GatewayAPI\GatewayAPI.csproj", "{D278E468-43A2-46D0-80E2-D33371C06764}"
EndProject
Project("{FAE04EC0-301F-11D3-BF4B-00C04F79EFBC}") = "NotesAPI", "NotesAPI\NotesAPI.csproj", "{B0F492FE-D74F-4F46-9463-20A98316CE0D}"
EndProject
Project("{FAE04EC0-301F-11D3-BF4B-00C04F79EFBC}") = "DiabetesAPI", "DiabetesAPI\DiabetesAPI.csproj", "{AE659529-A48B-4987-BCA4-BFBA2F8F4864}"
EndProject
Project("{FAE04EC0-301F-11D3-BF4B-00C04F79EFBC}") = "CancersAPI", "CancersAPI\CancersAPI.csproj", "{B9E57A70-B99D-4440-B68C-8E5CC1C0D987}"
EndProject
Project("{FAE04EC0-301F-11D3-BF4B-00C04F79EFBC}") = "Shared", "Shared\Shared.csproj", "{BBAD8B53-E8E8-4442-AD43-4D3131932FDA}"
EndProject
Project("{FAE04EC0-301F-11D3-BF4B-00C04F79EFBC}") = "AuthAPI", "AuthAPI\AuthAPI.csproj", "{7747AE86-316E-48D2-A9C0-6057D303E196}"
EndProject
Project("{FAE04EC0-301F-11D3-BF4B-00C04F79EFBC}") = "Frontend", "Frontend\Frontend.csproj", "{F9515BFA-4CD7-417D-8628-8853C133ED05}"
EndProject
Project("{FAE04EC0-301F-11D3-BF4B-00C04F79EFBC}") = "HealthRiskEngine.Tests", "HealthRiskEngine.Tests.Unit\HealthRiskEngine.Tests.csproj", "{247A66A2-FEB9-4D78-8087-5F426FACB7A2}"
EndProject
Global
	GlobalSection(SolutionConfigurationPlatforms) = preSolution
		Debug|Any CPU = Debug|Any CPU
		Debug|x64 = Debug|x64
		Debug|x86 = Debug|x86
		Release|Any CPU = Release|Any CPU
		Release|x64 = Release|x64
		Release|x86 = Release|x86
	EndGlobalSection
	GlobalSection(ProjectConfigurationPlatforms) = postSolution
		{4A1B2C42-4A3E-4F4E-A233-11EEB6B3A696}.Debug|Any CPU.ActiveCfg = Debug|Any CPU
		{4A1B2C42-4A3E-4F4E-A233-11EEB6B3A696}.Debug|Any CPU.Build.0 = Debug|Any CPU
		{4A1B2C42-4A3E-4F4E-A233-11EEB6B3A696}.Debug|x64.ActiveCfg = Debug|Any CPU
		{4A1B2C42-4A3E-4F4E-A233-11EEB6B3A696}.Debug|x64.Build.0 = Debug|Any CPU
		{4A1B2C42-4A3E-4F4E-A233-11EEB6B3A696}.Debug|x86.ActiveCfg = Debug|Any CPU
		{4A1B2C42-4A3E-4F4E-A233-11EEB6B3A696}.Debug|x86.Build.0 = Debug|Any CPU
		{4A1B2C42-4A3E-4F4E-A233-11EEB6B3A696}.Release|Any CPU.ActiveCfg = Release|Any CPU
		{4A1B2C42-4A3E-4F4E-A233-11EEB6B3A696}.Release|Any CPU.Build.0 = Release|Any CPU
		{4A1B2C42-4A3E-4F4E-A233-11EEB6B3A696}.Release|x64.ActiveCfg = Release|Any CPU
		{4A1B2C42-4A3E-4F4E-A233-11EEB6B3A696}.Release|x64.Build.0 = Release|Any CPU
		{4A1B2C42-4A3E-4F4E-A233-11EEB6B3A696}.Release|x86.ActiveCfg = Release|Any CPU
		{4A1B2C42-4A3E-4F4E-A233-11EEB6B3A696}.Release|x86.Build.0 = Release|Any CPU
		{D278E468-43A2-46D0-80E2-D33371C06764}.Debug|Any CPU.ActiveCfg = Debug|Any CPU
		{D278E468-43A2-46D0-80E2-D33371C06764}.Debug|Any CPU.Build.0 = Debug|Any CPU
		{D278E468-43A2-46D0-80E2-D33371C06764}.Debug|x64.ActiveCfg = Debug|Any CPU
		{D278E468-43A2-46D0-80E2-D33371C06764}.Debug|x64.Build.0 = Debug|Any CPU
		{D278E468-43A2-46D0-80E2-D33371C06764}.Debug|x86.ActiveCfg = Debug|Any CPU
		{D278E468-43A2-46D0-80E2-D33371C06764}.Debug|x86.Build.0 = Debug|Any CPU
		{D278E468-43A2-46D0-80E2-D33371C06764}.Release|Any CPU.ActiveCfg = Release|Any CPU
		{D278E468-43A2-46D0-80E2-D33371C06764}.Release|Any CPU.Build.0 = Release|Any CPU
		{D278E468-43A2-46D0-80E2-D33371C06764}.Release|x64.ActiveCfg = Release|Any CPU
		{D278E468-43A2-46D0-80E2-D33371C06764}.Release|x64.Build.0 = Release|Any CPU
		{D278E468-43A2-46D0-80E2-D33371C06764}.Release|x86.ActiveCfg = Release|Any CPU
		{D278E468-43A2-46D0-80E2-D33371C06764}.Release|x86.Build.0 = Release|Any CPU
		{B0F492FE-D74F-4F46-9463-20A98316CE0D}.Debug|Any CPU.ActiveCfg = Debug|Any CPU
		{B0F492FE-D74F-4F46-9463-20A98316CE0D}.Debug|Any CPU.Build.0 = Debug|Any CPU
		{B0F492FE-D74F-4F46-9463-20A98316CE0D}.Debug|x64.ActiveCfg = Debug|Any CPU
		{B0F492FE-D74F-4F46-9463-20A98316CE0D}.Debug|x64.Build.0 = Debug|Any CPU
		{B0F492FE-D74F-4F46-9463-20A98316CE0D}.Debug|x86.ActiveCfg = Debug|Any CPU
		{B0F492FE-D74F-4F46-9463-20A98316CE0D}.Debug|x86.Build.0 = Debug|Any CPU
		{B0F492FE-D74F-4F46-9463-20A98316CE0D}.Release|Any CPU.ActiveCfg = Release|Any CPU
		{B0F492FE-D74F-4F46-9463-20A98316CE0D}.Release|Any CPU.Build.0 = Release|Any CPU
		{B0F492FE-D74F-4F46-9463-20A98316CE0D}.Release|x64.ActiveCfg = Release|Any CPU
		{B0F492FE-D74F-4F46-9463-20A98316CE0D}.Release|x64.Build.0 = Release|Any CPU
		{B0F492FE-D74F-4F46-9463-20A98316CE0D}.Release|x86.ActiveCfg = Release|Any CPU
		{B0F492FE-D74F-4F46-9463-20A98316CE0D}.Release|x86.Build.0 = Release|Any CPU
		{AE659529-A48B-4987-BCA4-BFBA2F8F4864}.Debug|Any CPU.ActiveCfg = Debug|Any CPU
		{AE659529-A48B-4987-BCA4-BFBA2F8F4864}.Debug|Any CPU.Build.0 = Debug|Any CPU
		{AE659529-A48B-4987-BCA4-BFBA2F8F4864}.Debug|x64.ActiveCfg = Debug|Any CPU
		{AE659529-A48B-4987-BCA4-BFBA2F8F4864}.Debug|x64.Build.0 = Debug|Any CPU
		{AE659529-A48B-4987-BCA4-BFBA2F8F4864}.Debug|x86.ActiveCfg = Debug|Any CPU
		{AE659529-A48B-4987-BCA4-BFBA2F8F4864}.Debug|x86.Build.0 = Debug|Any CPU
		{AE659529-A48B-4987-BCA4-BFBA2F8F4864}.Release|Any CPU.ActiveCfg = Release|Any CPU
		{AE659529-A48B-4987-BCA4-BFBA2F8F4864}.Release|Any CPU.Build.0 = Release|Any CPU
		{AE659529-A48B-4987-BCA4-BFBA2F8F4864}.Release|x64.ActiveCfg = Release|Any CPU
		{AE659529-A48B-4987-BCA4-BFBA2F8F4864}.Release|x64.Build.0 = Release|Any CPU
		{AE659529-A48B-4987-BCA4-BFBA2F8F4864}.Release|x86.ActiveCfg = Release|Any CPU
		{AE659529-A48B-4987-BCA4-BFBA2F8F4864}.Release|x86.Build.0 = Release|Any CPU
		{B9E57A70-B99D-4440-B68C-8E5CC1C0D987}.Debug|Any CPU.ActiveCfg = Debug|Any CPU
		{B9E57A70-B99D-4440-B68C-8E5CC1C0D987}.Debug|Any CPU.Build.0 = Debug|Any CPU
		{B9E57A70-B99D-4440-B68C-8E5CC1C0D987}.Debug|x64.ActiveCfg = Debug|Any CPU
		{B9E57A70-B99D-4440-B68C-8E5CC1C0D987}.Debug|x64.Build.0 = Debug|Any CPU
		{B9E57A70-B99D-4440-B68C-8E5CC1C0D987}.Debug|x86.ActiveCfg = Debug|Any CPU
		{B9E57A70-B99D-4440-B68C-8E5CC1C0D987}.Debug|x86.Build.0 = Debug|Any CPU
		{B9E57A70-B99D-4440-B68C-8E5CC1C0D987}.Release|Any CPU.ActiveCfg = Release|Any CPU
		{B9E57A70-B99D-4440-B68C-8E5CC1C0D987}.Release|Any CPU.Build.0 = Release|Any CPU
		{B9E57A70-B99D-4440-B68C-8E5CC1C0D987}.Release|x64.ActiveCfg = Release|Any CPU
		{B9E57A70-B99D-4440-B68C-8E5CC1C0D987}.Release|x64.Build.0 = Release|Any CPU
		{B9E57A70-B99D-4440-B68C-8E5CC1C0D987}.Release|x86.ActiveCfg = Release|Any CPU
		{B9E57A70-B99D-4440-B68C-8E5CC1C0D987}.Release|x86.Build.0 = Release|Any CPU
		{BBAD8B53-E8E8-4442-AD43-4D3131932FDA}.Debug|Any CPU.ActiveCfg = Debug|Any CPU
		{BBAD8B53-E8E8-4442-AD43-4D3131932FDA}.Debug|Any CPU.Build.0 = Debug|Any CPU
		{BBAD8B53-E8E8-4442-AD43-4D3131932FDA}.Debug|x64.ActiveCfg = Debug|Any CPU
		{BBAD8B53-E8E8-4442-AD43-4D3131932FDA}.Debug|x64.Build.0 = Debug|Any CPU
		{BBAD8B53-E8E8-4442-AD43-4D3131932FDA}.Debug|x86.ActiveCfg = Debug|Any CPU
		{BBAD8B53-E8E8-4442-AD43-4D3131932FDA}.Debug|x86.Build.0 = Debug|Any CPU
		{BBAD8B53-E8E8-4442-AD43-4D3131932FDA}.Release|Any CPU.ActiveCfg = Release|Any CPU
		{BBAD8B53-E8E8-4442-AD43-4D3131932FDA}.Release|Any CPU.Build.0 = Release|Any CPU
		{BBAD8B53-E8E8-4442-AD43-4D3131932FDA}.Release|x64.ActiveCfg = Release|Any CPU
		{BBAD8B53-E8E8-4442-AD43-4D3131932FDA}.Release|x64.Build.0 = Release|Any CPU
		{BBAD8B53-E8E8-4442-AD43-4D3131932FDA}.Release|x86.ActiveCfg = Release|Any CPU
		{BBAD8B53-E8E8-4442-AD43-4D3131932FDA}.Release|x86.Build.0 = Release|Any CPU
		{7747AE86-316E-48D2-A9C0-6057D303E196}.Debug|Any CPU.ActiveCfg = Debug|Any CPU
		{7747AE86-316E-48D2-A9C0-6057D303E196}.Debug|Any CPU.Build.0 = Debug|Any CPU
		{7747AE86-316E-48D2-A9C0-6057D303E196}.Debug|x64.ActiveCfg = Debug|Any CPU
		{7747AE86-316E-48D2-A9C0-6057D303E196}.Debug|x64.Build.0 = Debug|Any CPU
		{7747AE86-316E-48D2-A9C0-6057D303E196}.Debug|x86.ActiveCfg = Debug|Any CPU
		{7747AE86-316E-48D2-A9C0-6057D303E196}.Debug|x86.Build.0 = Debug|Any CPU
		{7747AE86-316E-48D2-A9C0-6057D303E196}.Release|Any CPU.ActiveCfg = Release|Any CPU
		{7747AE86-316E-48D2-A9C0-6057D303E196}.Release|Any CPU.Build.0 = Release|Any CPU
		{7747AE86-316E-48D2-A9C0-6057D303E196}.Release|x64.ActiveCfg = Release|Any CPU
		{7747AE86-316E-48D2-A9C0-6057D303E196}.Release|x64.Build.0 = Release|Any CPU
		{7747AE86-316E-48D2-A9C0-6057D303E196}.Release|x86.ActiveCfg = Release|Any CPU
		{7747AE86-316E-48D2-A9C0-6057D303E196}.Release|x86.Build.0 = Release|Any CPU
		{F9515BFA-4CD7-417D-8628-8853C133ED05}.Debug|Any CPU.ActiveCfg = Debug|Any CPU
		{F9515BFA-4CD7-417D-8628-8853C133ED05}.Debug|Any CPU.Build.0 = Debug|Any CPU
		{F9515BFA-4CD7-417D-8628-8853C133ED05}.Debug|x64.ActiveCfg = Debug|Any CPU
		{F9515BFA-4CD7-417D-8628-8853C133ED05}.Debug|x64.Build.0 = Debug|Any CPU
		{F9515BFA-4CD7-417D-8628-8853C133ED05}.Debug|x86.ActiveCfg = Debug|Any CPU
		{F9515BFA-4CD7-417D-8628-8853C133ED05}.Debug|x86.Build.0 = Debug|Any CPU
		{F9515BFA-4CD7-417D-8628-8853C133ED05}.Release|Any CPU.ActiveCfg = Release|Any CPU
		{F9515BFA-4CD7-417D-8628-8853C133ED05}.Release|Any CPU.Build.0 = Release|Any CPU
		{F9515BFA-4CD7-417D-8628-8853C133ED05}.Release|x64.ActiveCfg = Release|Any CPU
		{F9515BFA-4CD7-417D-8628-8853C133ED05}.Release|x64.Build.0 = Release|Any CPU
		{F9515BFA-4CD7-417D-8628-8853C133ED05}.Release|x86.ActiveCfg = Release|Any CPU
		{F9515BFA-4CD7-417D-8628-8853C133ED05}.Release|x86.Build.0 = Release|Any CPU
		{247A66A2-FEB9-4D78-8087-5F426FACB7A2}.Debug|Any CPU.ActiveCfg = Debug|Any CPU
		{247A66A2-FEB9-4D78-8087-5F426FACB7A2}.Debug|Any CPU.Build.0 = Debug|Any CPU
		{247A66A2-FEB9-4D78-8087-5F426FACB7A2}.Debug|x64.ActiveCfg = Debug|Any CPU
		{247A66A2-FEB9-4D78-8087-5F426FACB7A2}.Debug|x64.Build.0 = Debug|Any CPU
		{247A66A2-FEB9-4D78-8087-5F426FACB7A2}.Debug|x86.ActiveCfg = Debug|Any CPU
		{247A66A2-FEB9-4D78-8087-5F426FACB7A2}.Debug|x86.Build.0 = Debug|Any CPU
		{247A66A2-FEB9-4D78-8087-5F426FACB7A2}.Release|Any CPU.ActiveCfg = Release|Any CPU
		{247A66A2-FEB9-4D78-8087-5F426FACB7A2}.Release|Any CPU.Build.0 = Release|Any CPU
		{247A66A2-FEB9-4D78-8087-5F426FACB7A2}.Release|x64.ActiveCfg = Release|Any CPU
		{247A66A2-FEB9-4D78-8087-5F426FACB7A2}.Release|x64.Build.0 = Release|Any CPU
		{247A66A2-FEB9-4D78-8087-5F426FACB7A2}.Release|x86.ActiveCfg = Release|Any CPU
		{247A66A2-FEB9-4D78-8087-5F426FACB7A2}.Release|x86.Build.0 = Release|Any CPU
	EndGlobalSection
	GlobalSection(SolutionProperties) = preSolution
		HideSolutionNode = FALSE
	EndGlobalSection
	GlobalSection(ExtensibilityGlobals) = postSolution
		SolutionGuid = {999ED1C2-3F0F-4FB0-B9A0-00FF4E51EEC2}
	EndGlobalSection
EndGlobal
