
Microsoft Visual Studio Solution File, Format Version 12.00
# Visual Studio Version 17
VisualStudioVersion = 17.14.36811.4
MinimumVisualStudioVersion = 10.0.40219.1
Project("{FAE04EC0-301F-11D3-BF4B-00C04F79EFBC}") = "PatientsAPI", "PatientsAPI\PatientsAPI.csproj", "{4A1B2C42-4A3E-4F4E-A233-11EEB6B3A696}"
EndProject
Project("{FAE04EC0-301F-11D3-BF4B-00C04F79EFBC}") = "GatewayAPI", "GatewayAPI\GatewayAPI.csproj", "{D278E468-43A2-46D0-80E2-D33371C06764}"
EndProject
Project("{FAE04EC0-301F-11D3-BF4B-00C04F79EFBC}") = "NotesAPI", "NotesAPI\NotesAPI.csproj", "{B0F492FE-D74F-4F46-9463-20A98316CE0D}"
EndProject
Project("{FAE04EC0-301F-11D3-BF4B-00C04F79EFBC}") = "AuthAPI", "AuthAPI\AuthAPI.csproj", "{4BB3B162-2E9B-4D91-B0BC-AE229E2E3F82}"
EndProject
Project("{FAE04EC0-301F-11D3-BF4B-00C04F79EFBC}") = "DiabetesAPI", "DiabetesAPI\DiabetesAPI.csproj", "{AE659529-A48B-4987-BCA4-BFBA2F8F4864}"
EndProject
Project("{FAE04EC0-301F-11D3-BF4B-00C04F79EFBC}") = "CancersAPI", "CancersAPI\CancersAPI.csproj", "{B9E57A70-B99D-4440-B68C-8E5CC1C0D987}"
EndProject
Project("{FAE04EC0-301F-11D3-BF4B-00C04F79EFBC}") = "Shared", "Shared\Shared.csproj", "{BBAD8B53-E8E8-4442-AD43-4D3131932FDA}"
EndProject
Global
	GlobalSection(SolutionConfigurationPlatforms) = preSolution
		Debug|Any CPU = Debug|Any CPU
		Release|Any CPU = Release|Any CPU
	EndGlobalSection
	GlobalSection(ProjectConfigurationPlatforms) = postSolution
		{4A1B2C42-4A3E-4F4E-A233-11EEB6B3A696}.Debug|Any CPU.ActiveCfg = Debug|Any CPU
		{4A1B2C42-4A3E-4F4E-A233-11EEB6B3A696}.Debug|Any CPU.Build.0 = Debug|Any CPU
		{4A1B2C42-4A3E-4F4E-A233-11EEB6B3A696}.Release|Any CPU.ActiveCfg = Release|Any CPU
		{4A1B2C42-4A3E-4F4E-A233-11EEB6B3A696}.Release|Any CPU.Build.0 = Release|Any CPU
		{D278E468-43A2-46D0-80E2-D33371C06764}.Debug|Any CPU.ActiveCfg = Debug|Any CPU
		{D278E468-43A2-46D0-80E2-D33371C06764}.Debug|Any CPU.Build.0 = Debug|Any CPU
		{D278E468-43A2-46D0-80E2-D33371C06764}.Release|Any CPU.ActiveCfg = Release|Any CPU
		{D278E468-43A2-46D0-80E2-D33371C06764}.Release|Any CPU.Build.0 = Release|Any CPU
		{B0F492FE-D74F-4F46-9463-20A98316CE0D}.Debug|Any CPU.ActiveCfg = Debug|Any CPU
		{B0F492FE-D74F-4F46-9463-20A98316CE0D}.Debug|Any CPU.Build.0 = Debug|Any CPU
		{B0F492FE-D74F-4F46-9463-20A98316CE0D}.Release|Any CPU.ActiveCfg = Release|Any CPU
		{B0F492FE-D74F-4F46-9463-20A98316CE0D}.Release|Any CPU.Build.0 = Release|Any CPU
		{4BB3B162-2E9B-4D91-B0BC-AE229E2E3F82}.Debug|Any CPU.ActiveCfg = Debug|Any CPU
		{4BB3B162-2E9B-4D91-B0BC-AE229E2E3F82}.Debug|Any CPU.Build.0 = Debug|Any CPU
		{4BB3B162-2E9B-4D91-B0BC-AE229E2E3F82}.Release|Any CPU.ActiveCfg = Release|Any CPU
		{4BB3B162-2E9B-4D91-B0BC-AE229E2E3F82}.Release|Any CPU.Build.0 = Release|Any CPU
		{AE659529-A48B-4987-BCA4-BFBA2F8F4864}.Debug|Any CPU.ActiveCfg = Debug|Any CPU
		{AE659529-A48B-4987-BCA4-BFBA2F8F4864}.Debug|Any CPU.Build.0 = Debug|Any CPU
		{AE659529-A48B-4987-BCA4-BFBA2F8F4864}.Release|Any CPU.ActiveCfg = Release|Any CPU
		{AE659529-A48B-4987-BCA4-BFBA2F8F4864}.Release|Any CPU.Build.0 = Release|Any CPU
		{B9E57A70-B99D-4440-B68C-8E5CC1C0D987}.Debug|Any CPU.ActiveCfg = Debug|Any CPU
		{B9E57A70-B99D-4440-B68C-8E5CC1C0D987}.Debug|Any CPU.Build.0 = Debug|Any CPU
		{B9E57A70-B99D-4440-B68C-8E5CC1C0D987}.Release|Any CPU.ActiveCfg = Release|Any CPU
		{B9E57A70-B99D-4440-B68C-8E5CC1C0D987}.Release|Any CPU.Build.0 = Release|Any CPU
		{BBAD8B53-E8E8-4442-AD43-4D3131932FDA}.Debug|Any CPU.ActiveCfg = Debug|Any CPU
		{BBAD8B53-E8E8-4442-AD43-4D3131932FDA}.Debug|Any CPU.Build.0 = Debug|Any CPU
		{BBAD8B53-E8E8-4442-AD43-4D3131932FDA}.Release|Any CPU.ActiveCfg = Release|Any CPU
		{BBAD8B53-E8E8-4442-AD43-4D3131932FDA}.Release|Any CPU.Build.0 = Release|Any CPU
	EndGlobalSection
	GlobalSection(SolutionProperties) = preSolution
		HideSolutionNode = FALSE
	EndGlobalSection
	GlobalSection(ExtensibilityGlobals) = postSolution
		SolutionGuid = {999ED1C2-3F0F-4FB0-B9A0-00FF4E51EEC2}
	EndGlobalSection
EndGlobal
